
Microsoft Visual Studio Solution File, Format Version 12.00
# Visual Studio Version 16
VisualStudioVersion = 16.0.30517.126
MinimumVisualStudioVersion = 10.0.40219.1
Project("{FAE04EC0-301F-11D3-BF4B-00C04F79EFBC}") = "ConsoleApp7", "ConsoleApp7\ConsoleApp7.csproj", "{AC1171B7-02D2-40F6-AB17-2A726C7ECF36}"
EndProject
Global
	GlobalSection(SolutionConfigurationPlatforms) = preSolution
		Debug|Any CPU = Debug|Any CPU
		Release|Any CPU = Release|Any CPU
	EndGlobalSection
	GlobalSection(ProjectConfigurationPlatforms) = postSolution
		{AC1171B7-02D2-40F6-AB17-2A726C7ECF36}.Debug|Any CPU.ActiveCfg = Debug|Any CPU
		{AC1171B7-02D2-40F6-AB17-2A726C7ECF36}.Debug|Any CPU.Build.0 = Debug|Any CPU
		{AC1171B7-02D2-40F6-AB17-2A726C7ECF36}.Release|Any CPU.ActiveCfg = Release|Any CPU
		{AC1171B7-02D2-40F6-AB17-2A726C7ECF36}.Release|Any CPU.Build.0 = Release|Any CPU
	EndGlobalSection
	GlobalSection(SolutionProperties) = preSolution
		HideSolutionNode = FALSE
	EndGlobalSection
	GlobalSection(ExtensibilityGlobals) = postSolution
		SolutionGuid = {868F7C17-3B23-442A-9206-EBEC78473984}
	EndGlobalSection
EndGlobal
